{
  "nodes": {
    "flake-parts": {
      "inputs": {
        "nixpkgs-lib": [
          "nixpkgs"
        ]
      },
      "locked": {
        "lastModified": 1719994518,
        "narHash": "sha256-pQMhCCHyQGRzdfAkdJ4cIWiw+JNuWsTX7f0ZYSyz0VY=",
        "owner": "hercules-ci",
        "repo": "flake-parts",
        "rev": "9227223f6d922fee3c7b190b2cc238a99527bbb7",
        "type": "github"
      },
      "original": {
        "owner": "hercules-ci",
        "repo": "flake-parts",
        "type": "github"
      }
    },
    "mygui": {
      "flake": false,
      "locked": {
        "lastModified": 1700694696,
        "narHash": "sha256-qHwlalwdTENQfm4gdaE/1UEZKsgn+cyHUf4ytHOu72U=",
        "owner": "MyGui",
        "repo": "mygui",
        "rev": "17d66baea79b415fec94412d2bb94d847f81696c",
        "type": "github"
      },
      "original": {
        "owner": "MyGui",
        "repo": "mygui",
        "type": "github"
      }
    },
    "nixpkgs": {
      "locked": {
        "lastModified": 1721403608,
        "narHash": "sha256-X5+QA5K3J2KA20YEaBJ+GKDj/XIb5PutHmphgYQUszA=",
        "owner": "NixOS",
        "repo": "nixpkgs",
        "rev": "ad0111043c09f7d0f6b9f039882cbf350d4f7d49",
        "type": "github"
      },
      "original": {
        "owner": "NixOS",
        "ref": "nixpkgs-unstable",
        "repo": "nixpkgs",
        "type": "github"
      }
    },
    "root": {
      "inputs": {
        "flake-parts": "flake-parts",
        "mygui": "mygui",
        "nixpkgs": "nixpkgs"
      }
    }
  },
  "root": "root",
  "version": 7
}
